
Microsoft Visual Studio Solution File, Format Version 12.00
# Visual Studio Version 17
VisualStudioVersion = 17.7.34031.279
MinimumVisualStudioVersion = 10.0.40219.1
Project("{888888A0-9F3D-457C-B088-3A5042F75D52}") = "прода", "прода\прода.pyproj", "{25B917DF-EA93-4AD0-AF8F-86E3D6760D22}"
EndProject
Global
	GlobalSection(SolutionConfigurationPlatforms) = preSolution
		Debug|Any CPU = Debug|Any CPU
		Release|Any CPU = Release|Any CPU
	EndGlobalSection
	GlobalSection(ProjectConfigurationPlatforms) = postSolution
		{25B917DF-EA93-4AD0-AF8F-86E3D6760D22}.Debug|Any CPU.ActiveCfg = Debug|Any CPU
		{25B917DF-EA93-4AD0-AF8F-86E3D6760D22}.Release|Any CPU.ActiveCfg = Release|Any CPU
	EndGlobalSection
	GlobalSection(SolutionProperties) = preSolution
		HideSolutionNode = FALSE
	EndGlobalSection
	GlobalSection(ExtensibilityGlobals) = postSolution
		SolutionGuid = {8F80BAF5-BA5C-422E-BF0D-97B8F0AEAF04}
	EndGlobalSection
EndGlobal
